// !$*UTF8*$!
{
	archiveVersion = 1;
	classes = {
	};
	objectVersion = 46;
	objects = {

/* Begin PBXBuildFile section */
		366902D71C65F67A0094E7F8 /* AppDelegate.swift in Sources */ = {isa = PBXBuildFile; fileRef = 366902D61C65F67A0094E7F8 /* AppDelegate.swift */; };
		366902D91C65F67A0094E7F8 /* GameScene.sks in Resources */ = {isa = PBXBuildFile; fileRef = 366902D81C65F67A0094E7F8 /* GameScene.sks */; };
		366902DB1C65F67A0094E7F8 /* GameScene.swift in Sources */ = {isa = PBXBuildFile; fileRef = 366902DA1C65F67A0094E7F8 /* GameScene.swift */; };
		366902DD1C65F67A0094E7F8 /* GameViewController.swift in Sources */ = {isa = PBXBuildFile; fileRef = 366902DC1C65F67A0094E7F8 /* GameViewController.swift */; };
		366902E01C65F67A0094E7F8 /* Main.storyboard in Resources */ = {isa = PBXBuildFile; fileRef = 366902DE1C65F67A0094E7F8 /* Main.storyboard */; };
		366902E21C65F67A0094E7F8 /* Assets.xcassets in Resources */ = {isa = PBXBuildFile; fileRef = 366902E11C65F67A0094E7F8 /* Assets.xcassets */; };
		366902E51C65F67A0094E7F8 /* LaunchScreen.storyboard in Resources */ = {isa = PBXBuildFile; fileRef = 366902E31C65F67A0094E7F8 /* LaunchScreen.storyboard */; };
		366902F01C65F67A0094E7F8 /* Nimble_NinjaTests.swift in Sources */ = {isa = PBXBuildFile; fileRef = 366902EF1C65F67A0094E7F8 /* Nimble_NinjaTests.swift */; };
		366902FB1C65F67A0094E7F8 /* Nimble_NinjaUITests.swift in Sources */ = {isa = PBXBuildFile; fileRef = 366902FA1C65F67A0094E7F8 /* Nimble_NinjaUITests.swift */; };
/* End PBXBuildFile section */

/* Begin PBXContainerItemProxy section */
		366902EC1C65F67A0094E7F8 /* PBXContainerItemProxy */ = {
			isa = PBXContainerItemProxy;
			containerPortal = 366902CB1C65F6790094E7F8 /* Project object */;
			proxyType = 1;
			remoteGlobalIDString = 366902D21C65F6790094E7F8;
			remoteInfo = "Nimble Ninja";
		};
		366902F71C65F67A0094E7F8 /* PBXContainerItemProxy */ = {
			isa = PBXContainerItemProxy;
			containerPortal = 366902CB1C65F6790094E7F8 /* Project object */;
			proxyType = 1;
			remoteGlobalIDString = 366902D21C65F6790094E7F8;
			remoteInfo = "Nimble Ninja";
		};
/* End PBXContainerItemProxy section */

/* Begin PBXFileReference section */
		366902D31C65F67A0094E7F8 /* Nimble Ninja.app */ = {isa = PBXFileReference; explicitFileType = wrapper.application; includeInIndex = 0; path = "Nimble Ninja.app"; sourceTree = BUILT_PRODUCTS_DIR; };
		366902D61C65F67A0094E7F8 /* AppDelegate.swift */ = {isa = PBXFileReference; lastKnownFileType = sourcecode.swift; path = AppDelegate.swift; sourceTree = "<group>"; };
		366902D81C65F67A0094E7F8 /* GameScene.sks */ = {isa = PBXFileReference; lastKnownFileType = file.sks; path = GameScene.sks; sourceTree = "<group>"; };
		366902DA1C65F67A0094E7F8 /* GameScene.swift */ = {isa = PBXFileReference; lastKnownFileType = sourcecode.swift; path = GameScene.swift; sourceTree = "<group>"; };
		366902DC1C65F67A0094E7F8 /* GameViewController.swift */ = {isa = PBXFileReference; lastKnownFileType = sourcecode.swift; path = GameViewController.swift; sourceTree = "<group>"; };
		366902DF1C65F67A0094E7F8 /* Base */ = {isa = PBXFileReference; lastKnownFileType = file.storyboard; name = Base; path = Base.lproj/Main.storyboard; sourceTree = "<group>"; };
		366902E11C65F67A0094E7F8 /* Assets.xcassets */ = {isa = PBXFileReference; lastKnownFileType = folder.assetcatalog; path = Assets.xcassets; sourceTree = "<group>"; };
		366902E41C65F67A0094E7F8 /* Base */ = {isa = PBXFileReference; lastKnownFileType = file.storyboard; name = Base; path = Base.lproj/LaunchScreen.storyboard; sourceTree = "<group>"; };
		366902E61C65F67A0094E7F8 /* Info.plist */ = {isa = PBXFileReference; lastKnownFileType = text.plist.xml; path = Info.plist; sourceTree = "<group>"; };
		366902EB1C65F67A0094E7F8 /* Nimble NinjaTests.xctest */ = {isa = PBXFileReference; explicitFileType = wrapper.cfbundle; includeInIndex = 0; path = "Nimble NinjaTests.xctest"; sourceTree = BUILT_PRODUCTS_DIR; };
		366902EF1C65F67A0094E7F8 /* Nimble_NinjaTests.swift */ = {isa = PBXFileReference; lastKnownFileType = sourcecode.swift; path = Nimble_NinjaTests.swift; sourceTree = "<group>"; };
		366902F11C65F67A0094E7F8 /* Info.plist */ = {isa = PBXFileReference; lastKnownFileType = text.plist.xml; path = Info.plist; sourceTree = "<group>"; };
		366902F61C65F67A0094E7F8 /* Nimble NinjaUITests.xctest */ = {isa = PBXFileReference; explicitFileType = wrapper.cfbundle; includeInIndex = 0; path = "Nimble NinjaUITests.xctest"; sourceTree = BUILT_PRODUCTS_DIR; };
		366902FA1C65F67A0094E7F8 /* Nimble_NinjaUITests.swift */ = {isa = PBXFileReference; lastKnownFileType = sourcecode.swift; path = Nimble_NinjaUITests.swift; sourceTree = "<group>"; };
		366902FC1C65F67A0094E7F8 /* Info.plist */ = {isa = PBXFileReference; lastKnownFileType = text.plist.xml; path = Info.plist; sourceTree = "<group>"; };
/* End PBXFileReference section */

/* Begin PBXFrameworksBuildPhase section */
		366902D01C65F6790094E7F8 /* Frameworks */ = {
			isa = PBXFrameworksBuildPhase;
			buildActionMask = 2147483647;
			files = (
			);
			runOnlyForDeploymentPostprocessing = 0;
		};
		366902E81C65F67A0094E7F8 /* Frameworks */ = {
			isa = PBXFrameworksBuildPhase;
			buildActionMask = 2147483647;
			files = (
			);
			runOnlyForDeploymentPostprocessing = 0;
		};
		366902F31C65F67A0094E7F8 /* Frameworks */ = {
			isa = PBXFrameworksBuildPhase;
			buildActionMask = 2147483647;
			files = (
			);
			runOnlyForDeploymentPostprocessing = 0;
		};
/* End PBXFrameworksBuildPhase section */

/* Begin PBXGroup section */
		366902CA1C65F6790094E7F8 = {
			isa = PBXGroup;
			children = (
				366902D51C65F67A0094E7F8 /* Nimble Ninja */,
				366902EE1C65F67A0094E7F8 /* Nimble NinjaTests */,
				366902F91C65F67A0094E7F8 /* Nimble NinjaUITests */,
				366902D41C65F67A0094E7F8 /* Products */,
			);
			sourceTree = "<group>";
		};
		366902D41C65F67A0094E7F8 /* Products */ = {
			isa = PBXGroup;
			children = (
				366902D31C65F67A0094E7F8 /* Nimble Ninja.app */,
				366902EB1C65F67A0094E7F8 /* Nimble NinjaTests.xctest */,
				366902F61C65F67A0094E7F8 /* Nimble NinjaUITests.xctest */,
			);
			name = Products;
			sourceTree = "<group>";
		};
		366902D51C65F67A0094E7F8 /* Nimble Ninja */ = {
			isa = PBXGroup;
			children = (
				366902D61C65F67A0094E7F8 /* AppDelegate.swift */,
				366902D81C65F67A0094E7F8 /* GameScene.sks */,
				366902DA1C65F67A0094E7F8 /* GameScene.swift */,
				366902DC1C65F67A0094E7F8 /* GameViewController.swift */,
				366902DE1C65F67A0094E7F8 /* Main.storyboard */,
				366902E11C65F67A0094E7F8 /* Assets.xcassets */,
				366902E31C65F67A0094E7F8 /* LaunchScreen.storyboard */,
				366902E61C65F67A0094E7F8 /* Info.plist */,
			);
			path = "Nimble Ninja";
			sourceTree = "<group>";
		};
		366902EE1C65F67A0094E7F8 /* Nimble NinjaTests */ = {
			isa = PBXGroup;
			children = (
				366902EF1C65F67A0094E7F8 /* Nimble_NinjaTests.swift */,
				366902F11C65F67A0094E7F8 /* Info.plist */,
			);
			path = "Nimble NinjaTests";
			sourceTree = "<group>";
		};
		366902F91C65F67A0094E7F8 /* Nimble NinjaUITests */ = {
			isa = PBXGroup;
			children = (
				366902FA1C65F67A0094E7F8 /* Nimble_NinjaUITests.swift */,
				366902FC1C65F67A0094E7F8 /* Info.plist */,
			);
			path = "Nimble NinjaUITests";
			sourceTree = "<group>";
		};
/* End PBXGroup section */

/* Begin PBXNativeTarget section */
		366902D21C65F6790094E7F8 /* Nimble Ninja */ = {
			isa = PBXNativeTarget;
			buildConfigurationList = 366902FF1C65F67A0094E7F8 /* Build configuration list for PBXNativeTarget "Nimble Ninja" */;
			buildPhases = (
				366902CF1C65F6790094E7F8 /* Sources */,
				366902D01C65F6790094E7F8 /* Frameworks */,
				366902D11C65F6790094E7F8 /* Resources */,
			);
			buildRules = (
			);
			dependencies = (
			);
			name = "Nimble Ninja";
			productName = "Nimble Ninja";
			productReference = 366902D31C65F67A0094E7F8 /* Nimble Ninja.app */;
			productType = "com.apple.product-type.application";
		};
		366902EA1C65F67A0094E7F8 /* Nimble NinjaTests */ = {
			isa = PBXNativeTarget;
			buildConfigurationList = 366903021C65F67A0094E7F8 /* Build configuration list for PBXNativeTarget "Nimble NinjaTests" */;
			buildPhases = (
				366902E71C65F67A0094E7F8 /* Sources */,
				366902E81C65F67A0094E7F8 /* Frameworks */,
				366902E91C65F67A0094E7F8 /* Resources */,
			);
			buildRules = (
			);
			dependencies = (
				366902ED1C65F67A0094E7F8 /* PBXTargetDependency */,
			);
			name = "Nimble NinjaTests";
			productName = "Nimble NinjaTests";
			productReference = 366902EB1C65F67A0094E7F8 /* Nimble NinjaTests.xctest */;
			productType = "com.apple.product-type.bundle.unit-test";
		};
		366902F51C65F67A0094E7F8 /* Nimble NinjaUITests */ = {
			isa = PBXNativeTarget;
			buildConfigurationList = 366903051C65F67A0094E7F8 /* Build configuration list for PBXNativeTarget "Nimble NinjaUITests" */;
			buildPhases = (
				366902F21C65F67A0094E7F8 /* Sources */,
				366902F31C65F67A0094E7F8 /* Frameworks */,
				366902F41C65F67A0094E7F8 /* Resources */,
			);
			buildRules = (
			);
			dependencies = (
				366902F81C65F67A0094E7F8 /* PBXTargetDependency */,
			);
			name = "Nimble NinjaUITests";
			productName = "Nimble NinjaUITests";
			productReference = 366902F61C65F67A0094E7F8 /* Nimble NinjaUITests.xctest */;
			productType = "com.apple.product-type.bundle.ui-testing";
		};
/* End PBXNativeTarget section */

/* Begin PBXProject section */
		366902CB1C65F6790094E7F8 /* Project object */ = {
			isa = PBXProject;
			attributes = {
				LastSwiftUpdateCheck = 0720;
				LastUpgradeCheck = 0720;
				ORGANIZATIONNAME = "Nhi tran";
				TargetAttributes = {
					366902D21C65F6790094E7F8 = {
						CreatedOnToolsVersion = 7.2.1;
					};
					366902EA1C65F67A0094E7F8 = {
						CreatedOnToolsVersion = 7.2.1;
						TestTargetID = 366902D21C65F6790094E7F8;
					};
					366902F51C65F67A0094E7F8 = {
						CreatedOnToolsVersion = 7.2.1;
						TestTargetID = 366902D21C65F6790094E7F8;
					};
				};
			};
			buildConfigurationList = 366902CE1C65F6790094E7F8 /* Build configuration list for PBXProject "Nimble Ninja" */;
			compatibilityVersion = "Xcode 3.2";
			developmentRegion = English;
			hasScannedForEncodings = 0;
			knownRegions = (
				en,
				Base,
			);
			mainGroup = 366902CA1C65F6790094E7F8;
			productRefGroup = 366902D41C65F67A0094E7F8 /* Products */;
			projectDirPath = "";
			projectRoot = "";
			targets = (
				366902D21C65F6790094E7F8 /* Nimble Ninja */,
				366902EA1C65F67A0094E7F8 /* Nimble NinjaTests */,
				366902F51C65F67A0094E7F8 /* Nimble NinjaUITests */,
			);
		};
/* End PBXProject section */

/* Begin PBXResourcesBuildPhase section */
		366902D11C65F6790094E7F8 /* Resources */ = {
			isa = PBXResourcesBuildPhase;
			buildActionMask = 2147483647;
			files = (
				366902D91C65F67A0094E7F8 /* GameScene.sks in Resources */,
				366902E51C65F67A0094E7F8 /* LaunchScreen.storyboard in Resources */,
				366902E21C65F67A0094E7F8 /* Assets.xcassets in Resources */,
				366902E01C65F67A0094E7F8 /* Main.storyboard in Resources */,
			);
			runOnlyForDeploymentPostprocessing = 0;
		};
		366902E91C65F67A0094E7F8 /* Resources */ = {
			isa = PBXResourcesBuildPhase;
			buildActionMask = 2147483647;
			files = (
			);
			runOnlyForDeploymentPostprocessing = 0;
		};
		366902F41C65F67A0094E7F8 /* Resources */ = {
			isa = PBXResourcesBuildPhase;
			buildActionMask = 2147483647;
			files = (
			);
			runOnlyForDeploymentPostprocessing = 0;
		};
/* End PBXResourcesBuildPhase section */

/* Begin PBXSourcesBuildPhase section */
		366902CF1C65F6790094E7F8 /* Sources */ = {
			isa = PBXSourcesBuildPhase;
			buildActionMask = 2147483647;
			files = (
				366902DB1C65F67A0094E7F8 /* GameScene.swift in Sources */,
				366902DD1C65F67A0094E7F8 /* GameViewController.swift in Sources */,
				366902D71C65F67A0094E7F8 /* AppDelegate.swift in Sources */,
			);
			runOnlyForDeploymentPostprocessing = 0;
		};
		366902E71C65F67A0094E7F8 /* Sources */ = {
			isa = PBXSourcesBuildPhase;
			buildActionMask = 2147483647;
			files = (
				366902F01C65F67A0094E7F8 /* Nimble_NinjaTests.swift in Sources */,
			);
			runOnlyForDeploymentPostprocessing = 0;
		};
		366902F21C65F67A0094E7F8 /* Sources */ = {
			isa = PBXSourcesBuildPhase;
			buildActionMask = 2147483647;
			files = (
				366902FB1C65F67A0094E7F8 /* Nimble_NinjaUITests.swift in Sources */,
			);
			runOnlyForDeploymentPostprocessing = 0;
		};
/* End PBXSourcesBuildPhase section */

/* Begin PBXTargetDependency section */
		366902ED1C65F67A0094E7F8 /* PBXTargetDependency */ = {
			isa = PBXTargetDependency;
			target = 366902D21C65F6790094E7F8 /* Nimble Ninja */;
			targetProxy = 366902EC1C65F67A0094E7F8 /* PBXContainerItemProxy */;
		};
		366902F81C65F67A0094E7F8 /* PBXTargetDependency */ = {
			isa = PBXTargetDependency;
			target = 366902D21C65F6790094E7F8 /* Nimble Ninja */;
			targetProxy = 366902F71C65F67A0094E7F8 /* PBXContainerItemProxy */;
		};
/* End PBXTargetDependency section */

/* Begin PBXVariantGroup section */
		366902DE1C65F67A0094E7F8 /* Main.storyboard */ = {
			isa = PBXVariantGroup;
			children = (
				366902DF1C65F67A0094E7F8 /* Base */,
			);
			name = Main.storyboard;
			sourceTree = "<group>";
		};
		366902E31C65F67A0094E7F8 /* LaunchScreen.storyboard */ = {
			isa = PBXVariantGroup;
			children = (
				366902E41C65F67A0094E7F8 /* Base */,
			);
			name = LaunchScreen.storyboard;
			sourceTree = "<group>";
		};
/* End PBXVariantGroup section */

/* Begin XCBuildConfiguration section */
		366902FD1C65F67A0094E7F8 /* Debug */ = {
			isa = XCBuildConfiguration;
			buildSettings = {
				ALWAYS_SEARCH_USER_PATHS = NO;
				CLANG_CXX_LANGUAGE_STANDARD = "gnu++0x";
				CLANG_CXX_LIBRARY = "libc++";
				CLANG_ENABLE_MODULES = YES;
				CLANG_ENABLE_OBJC_ARC = YES;
				CLANG_WARN_BOOL_CONVERSION = YES;
				CLANG_WARN_CONSTANT_CONVERSION = YES;
				CLANG_WARN_DIRECT_OBJC_ISA_USAGE = YES_ERROR;
				CLANG_WARN_EMPTY_BODY = YES;
				CLANG_WARN_ENUM_CONVERSION = YES;
				CLANG_WARN_INT_CONVERSION = YES;
				CLANG_WARN_OBJC_ROOT_CLASS = YES_ERROR;
				CLANG_WARN_UNREACHABLE_CODE = YES;
				CLANG_WARN__DUPLICATE_METHOD_MATCH = YES;
				"CODE_SIGN_IDENTITY[sdk=iphoneos*]" = "iPhone Developer";
				COPY_PHASE_STRIP = NO;
				DEBUG_INFORMATION_FORMAT = "dwarf-with-dsym";
				ENABLE_STRICT_OBJC_MSGSEND = YES;
				ENABLE_TESTABILITY = YES;
				GCC_C_LANGUAGE_STANDARD = gnu99;
				GCC_DYNAMIC_NO_PIC = NO;
				GCC_NO_COMMON_BLOCKS = YES;
				GCC_OPTIMIZATION_LEVEL = 0;
				GCC_PREPROCESSOR_DEFINITIONS = (
					"DEBUG=1",
					"$(inherited)",
				);
				GCC_WARN_64_TO_32_BIT_CONVERSION = YES;
				GCC_WARN_ABOUT_RETURN_TYPE = YES_ERROR;
				GCC_WARN_UNDECLARED_SELECTOR = YES;
				GCC_WARN_UNINITIALIZED_AUTOS = YES_AGGRESSIVE;
				GCC_WARN_UNUSED_FUNCTION = YES;
				GCC_WARN_UNUSED_VARIABLE = YES;
				IPHONEOS_DEPLOYMENT_TARGET = 9.2;
				MTL_ENABLE_DEBUG_INFO = YES;
				ONLY_ACTIVE_ARCH = YES;
				SDKROOT = iphoneos;
				SWIFT_OPTIMIZATION_LEVEL = "-Onone";
				TARGETED_DEVICE_FAMILY = 2;
			};
			name = Debug;
		};
		366902FE1C65F67A0094E7F8 /* Release */ = {
			isa = XCBuildConfiguration;
			buildSettings = {
				ALWAYS_SEARCH_USER_PATHS = NO;
				CLANG_CXX_LANGUAGE_STANDARD = "gnu++0x";
				CLANG_CXX_LIBRARY = "libc++";
				CLANG_ENABLE_MODULES = YES;
				CLANG_ENABLE_OBJC_ARC = YES;
				CLANG_WARN_BOOL_CONVERSION = YES;
				CLANG_WARN_CONSTANT_CONVERSION = YES;
				CLANG_WARN_DIRECT_OBJC_ISA_USAGE = YES_ERROR;
				CLANG_WARN_EMPTY_BODY = YES;
				CLANG_WARN_ENUM_CONVERSION = YES;
				CLANG_WARN_INT_CONVERSION = YES;
				CLANG_WARN_OBJC_ROOT_CLASS = YES_ERROR;
				CLANG_WARN_UNREACHABLE_CODE = YES;
				CLANG_WARN__DUPLICATE_METHOD_MATCH = YES;
				"CODE_SIGN_IDENTITY[sdk=iphoneos*]" = "iPhone Developer";
				COPY_PHASE_STRIP = NO;
				DEBUG_INFORMATION_FORMAT = "dwarf-with-dsym";
				ENABLE_NS_ASSERTIONS = NO;
				ENABLE_STRICT_OBJC_MSGSEND = YES;
				GCC_C_LANGUAGE_STANDARD = gnu99;
				GCC_NO_COMMON_BLOCKS = YES;
				GCC_WARN_64_TO_32_BIT_CONVERSION = YES;
				GCC_WARN_ABOUT_RETURN_TYPE = YES_ERROR;
				GCC_WARN_UNDECLARED_SELECTOR = YES;
				GCC_WARN_UNINITIALIZED_AUTOS = YES_AGGRESSIVE;
				GCC_WARN_UNUSED_FUNCTION = YES;
				GCC_WARN_UNUSED_VARIABLE = YES;
				IPHONEOS_DEPLOYMENT_TARGET = 9.2;
				MTL_ENABLE_DEBUG_INFO = NO;
				SDKROOT = iphoneos;
				TARGETED_DEVICE_FAMILY = 2;
				VALIDATE_PRODUCT = YES;
			};
			name = Release;
		};
		366903001C65F67A0094E7F8 /* Debug */ = {
			isa = XCBuildConfiguration;
			buildSettings = {
				ASSETCATALOG_COMPILER_APPICON_NAME = AppIcon;
				INFOPLIST_FILE = "Nimble Ninja/Info.plist";
				LD_RUNPATH_SEARCH_PATHS = "$(inherited) @executable_path/Frameworks";
				PRODUCT_BUNDLE_IDENTIFIER = "com.example.Nimble-Ninja";
				PRODUCT_NAME = "$(TARGET_NAME)";
			};
			name = Debug;
		};
		366903011C65F67A0094E7F8 /* Release */ = {
			isa = XCBuildConfiguration;
			buildSettings = {
				ASSETCATALOG_COMPILER_APPICON_NAME = AppIcon;
				INFOPLIST_FILE = "Nimble Ninja/Info.plist";
				LD_RUNPATH_SEARCH_PATHS = "$(inherited) @executable_path/Frameworks";
				PRODUCT_BUNDLE_IDENTIFIER = "com.example.Nimble-Ninja";
				PRODUCT_NAME = "$(TARGET_NAME)";
			};
			name = Release;
		};
		366903031C65F67A0094E7F8 /* Debug */ = {
			isa = XCBuildConfiguration;
			buildSettings = {
				BUNDLE_LOADER = "$(TEST_HOST)";
				DEBUG_INFORMATION_FORMAT = dwarf;
				INFOPLIST_FILE = "Nimble NinjaTests/Info.plist";
				LD_RUNPATH_SEARCH_PATHS = "$(inherited) @executable_path/Frameworks @loader_path/Frameworks";
				PRODUCT_BUNDLE_IDENTIFIER = "com.example.Nimble-NinjaTests";
				PRODUCT_NAME = "$(TARGET_NAME)";
				TEST_HOST = "$(BUILT_PRODUCTS_DIR)/Nimble Ninja.app/Nimble Ninja";
			};
			name = Debug;
		};
		366903041C65F67A0094E7F8 /* Release */ = {
			isa = XCBuildConfiguration;
			buildSettings = {
				BUNDLE_LOADER = "$(TEST_HOST)";
				INFOPLIST_FILE = "Nimble NinjaTests/Info.plist";
				LD_RUNPATH_SEARCH_PATHS = "$(inherited) @executable_path/Frameworks @loader_path/Frameworks";
				PRODUCT_BUNDLE_IDENTIFIER = "com.example.Nimble-NinjaTests";
				PRODUCT_NAME = "$(TARGET_NAME)";
				TEST_HOST = "$(BUILT_PRODUCTS_DIR)/Nimble Ninja.app/Nimble Ninja";
			};
			name = Release;
		};
		366903061C65F67A0094E7F8 /* Debug */ = {
			isa = XCBuildConfiguration;
			buildSettings = {
				DEBUG_INFORMATION_FORMAT = dwarf;
				INFOPLIST_FILE = "Nimble NinjaUITests/Info.plist";
				LD_RUNPATH_SEARCH_PATHS = "$(inherited) @executable_path/Frameworks @loader_path/Frameworks";
				PRODUCT_BUNDLE_IDENTIFIER = "com.example.Nimble-NinjaUITests";
				PRODUCT_NAME = "$(TARGET_NAME)";
				TEST_TARGET_NAME = "Nimble Ninja";
				USES_XCTRUNNER = YES;
			};
			name = Debug;
		};
		366903071C65F67A0094E7F8 /* Release */ = {
			isa = XCBuildConfiguration;
			buildSettings = {
				INFOPLIST_FILE = "Nimble NinjaUITests/Info.plist";
				LD_RUNPATH_SEARCH_PATHS = "$(inherited) @executable_path/Frameworks @loader_path/Frameworks";
				PRODUCT_BUNDLE_IDENTIFIER = "com.example.Nimble-NinjaUITests";
				PRODUCT_NAME = "$(TARGET_NAME)";
				TEST_TARGET_NAME = "Nimble Ninja";
				USES_XCTRUNNER = YES;
			};
			name = Release;
		};
/* End XCBuildConfiguration section */

/* Begin XCConfigurationList section */
		366902CE1C65F6790094E7F8 /* Build configuration list for PBXProject "Nimble Ninja" */ = {
			isa = XCConfigurationList;
			buildConfigurations = (
				366902FD1C65F67A0094E7F8 /* Debug */,
				366902FE1C65F67A0094E7F8 /* Release */,
			);
			defaultConfigurationIsVisible = 0;
			defaultConfigurationName = Release;
		};
		366902FF1C65F67A0094E7F8 /* Build configuration list for PBXNativeTarget "Nimble Ninja" */ = {
			isa = XCConfigurationList;
			buildConfigurations = (
				366903001C65F67A0094E7F8 /* Debug */,
				366903011C65F67A0094E7F8 /* Release */,
			);
			defaultConfigurationIsVisible = 0;
		};
		366903021C65F67A0094E7F8 /* Build configuration list for PBXNativeTarget "Nimble NinjaTests" */ = {
			isa = XCConfigurationList;
			buildConfigurations = (
				366903031C65F67A0094E7F8 /* Debug */,
				366903041C65F67A0094E7F8 /* Release */,
			);
			defaultConfigurationIsVisible = 0;
		};
		366903051C65F67A0094E7F8 /* Build configuration list for PBXNativeTarget "Nimble NinjaUITests" */ = {
			isa = XCConfigurationList;
			buildConfigurations = (
				366903061C65F67A0094E7F8 /* Debug */,
				366903071C65F67A0094E7F8 /* Release */,
			);
			defaultConfigurationIsVisible = 0;
		};
/* End XCConfigurationList section */
	};
	rootObject = 366902CB1C65F6790094E7F8 /* Project object */;
}
